
Microsoft Visual Studio Solution File, Format Version 12.00
# Visual Studio 2013
VisualStudioVersion = 12.0.30723.0
MinimumVisualStudioVersion = 10.0.40219.1
Project("{F088123C-0E9E-452A-89E6-6BA2F21D5CAC}") = "BeatportPrestige.AnalysisModel", "BeatportPrestige.AnalysisModel\BeatportPrestige.AnalysisModel.modelproj", "{D5A8C6B1-43E5-4318-8480-0E8BC6750F6B}"
EndProject
Project("{F088123C-0E9E-452A-89E6-6BA2F21D5CAC}") = "BeatportPrestige.DesignModel", "BeatportPrestige.DesignModel\BeatportPrestige.DesignModel.modelproj", "{25C76923-7422-47FC-AB82-E7FBC171A182}"
EndProject
Project("{2150E333-8FDC-42A3-9474-1A3956D46DE8}") = "Solution Items", "Solution Items", "{F7AF8369-EF56-43E1-BEEB-67F6CDE79A4B}"
EndProject
Global
	GlobalSection(SolutionConfigurationPlatforms) = preSolution
		Debug|Any CPU = Debug|Any CPU
		Release|Any CPU = Release|Any CPU
	EndGlobalSection
	GlobalSection(ProjectConfigurationPlatforms) = postSolution
		{D5A8C6B1-43E5-4318-8480-0E8BC6750F6B}.Debug|Any CPU.ActiveCfg = Debug|Any CPU
		{D5A8C6B1-43E5-4318-8480-0E8BC6750F6B}.Debug|Any CPU.Build.0 = Debug|Any CPU
		{D5A8C6B1-43E5-4318-8480-0E8BC6750F6B}.Release|Any CPU.ActiveCfg = Release|Any CPU
		{D5A8C6B1-43E5-4318-8480-0E8BC6750F6B}.Release|Any CPU.Build.0 = Release|Any CPU
		{25C76923-7422-47FC-AB82-E7FBC171A182}.Debug|Any CPU.ActiveCfg = Debug|Any CPU
		{25C76923-7422-47FC-AB82-E7FBC171A182}.Debug|Any CPU.Build.0 = Debug|Any CPU
		{25C76923-7422-47FC-AB82-E7FBC171A182}.Release|Any CPU.ActiveCfg = Release|Any CPU
		{25C76923-7422-47FC-AB82-E7FBC171A182}.Release|Any CPU.Build.0 = Release|Any CPU
	EndGlobalSection
	GlobalSection(SolutionProperties) = preSolution
		HideSolutionNode = FALSE
	EndGlobalSection
EndGlobal
